# This file is automatically @generated by Cargo.
# It is not intended for manual editing.
version = 4

[[package]]
name = "aead"
version = "0.6.0-rc.2"
source = "registry+https://github.com/rust-lang/crates.io-index"
checksum = "ac8202ab55fcbf46ca829833f347a82a2a4ce0596f0304ac322c2d100030cd56"
dependencies = [
 "crypto-common 0.2.0-rc.4",
 "inout",
]

[[package]]
name = "aes"
version = "0.9.0-rc.1"
source = "registry+https://github.com/rust-lang/crates.io-index"
checksum = "7e713c57c2a2b19159e7be83b9194600d7e8eb3b7c2cd67e671adf47ce189a05"
dependencies = [
 "cfg-if",
 "cipher",
 "cpufeatures",
 "zeroize",
]

[[package]]
name = "aes-gcm"
version = "0.11.0-rc.1"
source = "registry+https://github.com/rust-lang/crates.io-index"
checksum = "0686ba04dc80c816104c96cd7782b748f6ad58c5dd4ee619ff3258cf68e83d54"
dependencies = [
 "aead",
 "cipher",
 "ctr",
 "ghash",
 "subtle",
 "zeroize",
]

[[package]]
name = "autocfg"
version = "1.5.0"
source = "registry+https://github.com/rust-lang/crates.io-index"
checksum = "c08606f8c3cbf4ce6ec8e28fb0014a2c086708fe954eaa885384a6165172e7e8"

[[package]]
name = "base16ct"
version = "0.2.0"
source = "registry+https://github.com/rust-lang/crates.io-index"
checksum = "4c7f02d4ea65f2c1853089ffd8d2787bdbc63de2f0d29dedbcf8ccdfa0ccd4cf"

[[package]]
name = "base16ct"
version = "0.3.0"
source = "registry+https://github.com/rust-lang/crates.io-index"
checksum = "d8b59d472eab27ade8d770dcb11da7201c11234bef9f82ce7aa517be028d462b"

[[package]]
name = "base64ct"
version = "1.8.0"
source = "registry+https://github.com/rust-lang/crates.io-index"
checksum = "55248b47b0caf0546f7988906588779981c43bb1bc9d0c44087278f80cdb44ba"

[[package]]
name = "block-buffer"
version = "0.10.4"
source = "registry+https://github.com/rust-lang/crates.io-index"
checksum = "3078c7629b62d3f0439517fa394996acacc5cbc91c5a20d8c658e77abd503a71"
dependencies = [
 "generic-array",
]

[[package]]
name = "block-buffer"
version = "0.11.0-rc.5"
source = "registry+https://github.com/rust-lang/crates.io-index"
checksum = "e9ef36a6fcdb072aa548f3da057640ec10859eb4e91ddf526ee648d50c76a949"
dependencies = [
 "hybrid-array",
]

[[package]]
name = "byteorder"
version = "1.5.0"
source = "registry+https://github.com/rust-lang/crates.io-index"
checksum = "1fd0f2584146f6f2ef48085050886acf353beff7305ebd1ae69500e27c67f64b"

[[package]]
name = "bytes"
version = "1.10.1"
source = "registry+https://github.com/rust-lang/crates.io-index"
checksum = "d71b6127be86fdcfddb610f7182ac57211d4b18a3e9c82eb2d17662f2227ad6a"

[[package]]
name = "cc"
version = "1.2.36"
source = "registry+https://github.com/rust-lang/crates.io-index"
checksum = "5252b3d2648e5eedbc1a6f501e3c795e07025c1e93bbf8bbdd6eef7f447a6d54"
dependencies = [
 "find-msvc-tools",
 "shlex",
]

[[package]]
name = "ccm"
version = "0.6.0-pre"
source = "git+https://github.com/RustCrypto/AEADs/#faac9cf5697336d05f3c252a57833f751e3f7f45"
dependencies = [
 "aead",
 "cipher",
 "ctr",
 "subtle",
]

[[package]]
name = "cfg-if"
version = "1.0.3"
source = "registry+https://github.com/rust-lang/crates.io-index"
checksum = "2fd1289c04a9ea8cb22300a459a72a385d7c73d3259e2ed7dcb2af674838cfa9"

[[package]]
name = "chacha20"
version = "0.10.0-rc.2"
source = "registry+https://github.com/rust-lang/crates.io-index"
checksum = "9bd162f2b8af3e0639d83f28a637e4e55657b7a74508dba5a9bf4da523d5c9e9"
dependencies = [
 "cfg-if",
 "cipher",
 "cpufeatures",
]

[[package]]
name = "chacha20poly1305"
version = "0.11.0-rc.1"
source = "registry+https://github.com/rust-lang/crates.io-index"
checksum = "ecc260dd2c69bf5581e9603fff348843363a649edde02768e84c0088f21c3f52"
dependencies = [
 "aead",
 "chacha20",
 "cipher",
 "poly1305",
]

[[package]]
name = "cipher"
version = "0.5.0-rc.1"
source = "registry+https://github.com/rust-lang/crates.io-index"
checksum = "1e12a13eb01ded5d32ee9658d94f553a19e804204f2dc811df69ab4d9e0cb8c7"
dependencies = [
 "block-buffer 0.11.0-rc.5",
 "crypto-common 0.2.0-rc.4",
 "inout",
]

[[package]]
name = "const-oid"
version = "0.9.6"
source = "registry+https://github.com/rust-lang/crates.io-index"
checksum = "c2459377285ad874054d797f3ccebf984978aa39129f6eafde5cdc8315b612f8"

[[package]]
name = "const-oid"
version = "0.10.1"
source = "registry+https://github.com/rust-lang/crates.io-index"
checksum = "0dabb6555f92fb9ee4140454eb5dcd14c7960e1225c6d1a6cc361f032947713e"

[[package]]
name = "cpufeatures"
version = "0.2.17"
source = "registry+https://github.com/rust-lang/crates.io-index"
checksum = "59ed5838eebb26a2bb2e58f6d5b5316989ae9d08bab10e0e6d103e656d1b0280"
dependencies = [
 "libc",
]

[[package]]
name = "crypto-bigint"
version = "0.5.5"
source = "registry+https://github.com/rust-lang/crates.io-index"
checksum = "0dc92fb57ca44df6db8059111ab3af99a63d5d0f8375d9972e319a379c6bab76"
dependencies = [
 "generic-array",
 "rand_core 0.6.4",
 "subtle",
 "zeroize",
]

[[package]]
name = "crypto-bigint"
version = "0.7.0-rc.4"
source = "registry+https://github.com/rust-lang/crates.io-index"
checksum = "7c069823f41bdc75e99546bfd59eb1ed27d69dc720e5c949fe502b82926f8448"
dependencies = [
 "hybrid-array",
 "num-traits",
 "rand_core 0.9.3",
 "serdect",
 "subtle",
 "zeroize",
]

[[package]]
name = "crypto-common"
version = "0.1.6"
source = "registry+https://github.com/rust-lang/crates.io-index"
checksum = "1bfb12502f3fc46cca1bb51ac28df9d618d813cdc3d2f25b9fe775a34af26bb3"
dependencies = [
 "generic-array",
 "typenum",
]

[[package]]
name = "crypto-common"
version = "0.2.0-rc.4"
source = "registry+https://github.com/rust-lang/crates.io-index"
checksum = "6a8235645834fbc6832939736ce2f2d08192652269e11010a6240f61b908a1c6"
dependencies = [
 "hybrid-array",
]

[[package]]
name = "crypto-primes"
version = "0.7.0-pre.1"
source = "registry+https://github.com/rust-lang/crates.io-index"
checksum = "ae744b9f528151f8c440cf67498f24d2d1ac0ab536b5ce7b1f87a7a5961bd1c1"
dependencies = [
 "crypto-bigint 0.7.0-rc.4",
 "libm",
 "rand_core 0.9.3",
]

[[package]]
name = "ctr"
version = "0.10.0-rc.1"
source = "registry+https://github.com/rust-lang/crates.io-index"
checksum = "27e41d01c6f73b9330177f5cf782ae5b581b5f2c7840e298e0275ceee5001434"
dependencies = [
 "cipher",
]

[[package]]
name = "curve25519-dalek"
version = "5.0.0-pre.1"
source = "registry+https://github.com/rust-lang/crates.io-index"
checksum = "6f9200d1d13637f15a6acb71e758f64624048d85b31a5fdbfd8eca1e2687d0b7"
dependencies = [
 "cfg-if",
 "cpufeatures",
 "curve25519-dalek-derive",
 "digest 0.11.0-rc.1",
 "fiat-crypto",
 "rustc_version",
 "subtle",
 "zeroize",
]

[[package]]
name = "curve25519-dalek-derive"
version = "0.1.1"
source = "registry+https://github.com/rust-lang/crates.io-index"
checksum = "f46882e17999c6cc590af592290432be3bce0428cb0d5f8b6715e4dc7b383eb3"
dependencies = [
 "proc-macro2",
 "quote",
 "syn",
]

[[package]]
name = "der"
version = "0.7.10"
source = "registry+https://github.com/rust-lang/crates.io-index"
checksum = "e7c1832837b905bbfb5101e07cc24c8deddf52f93225eee6ead5f4d63d53ddcb"
dependencies = [
 "const-oid 0.9.6",
 "der_derive",
 "flagset",
 "pem-rfc7468 0.7.0",
 "zeroize",
]

[[package]]
name = "der"
version = "0.8.0-rc.8"
source = "registry+https://github.com/rust-lang/crates.io-index"
checksum = "7050e8041c28720851f7db83183195b6acf375bb7bb28e3b86f0fe6cbd69459d"
dependencies = [
 "const-oid 0.10.1",
 "pem-rfc7468 1.0.0-rc.3",
 "zeroize",
]

[[package]]
name = "der_derive"
version = "0.7.3"
source = "registry+https://github.com/rust-lang/crates.io-index"
checksum = "8034092389675178f570469e6c3b0465d3d30b4505c294a6550db47f3c17ad18"
dependencies = [
 "proc-macro2",
 "quote",
 "syn",
]

[[package]]
name = "digest"
version = "0.10.7"
source = "registry+https://github.com/rust-lang/crates.io-index"
checksum = "9ed9a281f7bc9b7576e61468ba615a66a5c8cfdff42420a70aa82701a3b1e292"
dependencies = [
 "block-buffer 0.10.4",
 "const-oid 0.9.6",
 "crypto-common 0.1.6",
 "subtle",
]

[[package]]
name = "digest"
version = "0.11.0-rc.1"
source = "registry+https://github.com/rust-lang/crates.io-index"
checksum = "3a4aae35a0fcbe22ff1be50fe96df72002d5a4a6fb4aae9193cf2da0daa36da2"
dependencies = [
 "block-buffer 0.11.0-rc.5",
 "const-oid 0.10.1",
 "crypto-common 0.2.0-rc.4",
 "subtle",
]

[[package]]
name = "ecdsa"
version = "0.16.9"
source = "registry+https://github.com/rust-lang/crates.io-index"
checksum = "ee27f32b5c5292967d2d4a9d7f1e0b0aed2c15daded5a60300e4abb9d8020bca"
dependencies = [
 "der 0.7.10",
 "digest 0.10.7",
 "elliptic-curve 0.13.8",
 "rfc6979 0.4.0",
 "signature 2.2.0",
 "spki 0.7.3",
]

[[package]]
name = "ecdsa"
version = "0.17.0-rc.6"
source = "registry+https://github.com/rust-lang/crates.io-index"
checksum = "a4aa27d88fe1d40a293286027c9306393094d9b36ccd91f2ac4d647870dc0042"
dependencies = [
 "der 0.8.0-rc.8",
 "digest 0.11.0-rc.1",
 "elliptic-curve 0.14.0-rc.13",
 "rfc6979 0.5.0-rc.1",
 "signature 3.0.0-rc.3",
 "spki 0.8.0-rc.4",
 "zeroize",
]

[[package]]
name = "ed25519"
version = "3.0.0-rc.0"
source = "registry+https://github.com/rust-lang/crates.io-index"
checksum = "fe639324ff99c3bf32144aaf79dc7e048305a6e82b6409644ddcbe7e0f5f5be9"
dependencies = [
 "pkcs8 0.11.0-rc.6",
 "signature 3.0.0-rc.3",
]

[[package]]
name = "ed25519-dalek"
version = "3.0.0-pre.1"
source = "registry+https://github.com/rust-lang/crates.io-index"
checksum = "ad207ed88a133091f83224265eac21109930db09bedcad05d5252f2af2de20a1"
dependencies = [
 "curve25519-dalek",
 "ed25519",
 "serde",
 "sha2 0.11.0-rc.2",
 "signature 3.0.0-rc.3",
 "subtle",
 "zeroize",
]

[[package]]
name = "ed448"
version = "0.5.0-pre.0"
source = "registry+https://github.com/rust-lang/crates.io-index"
checksum = "24f3621b15eb4095d0e7c2502abd44291413b8a638f88dc08f1188993143332b"
dependencies = [
 "pkcs8 0.11.0-rc.6",
 "signature 3.0.0-rc.3",
]

[[package]]
name = "ed448-goldilocks"
version = "0.14.0-pre.3"
source = "registry+https://github.com/rust-lang/crates.io-index"
checksum = "b4c1833a8f682ff0628f3b7ae755c5ea17854d7bdadf90c017feef4e84b78bb2"
dependencies = [
 "ed448",
 "elliptic-curve 0.14.0-rc.13",
 "hash2curve",
 "rand_core 0.9.3",
 "serdect",
 "sha3",
 "signature 3.0.0-rc.3",
 "subtle",
]

[[package]]
name = "either"
version = "1.15.0"
source = "registry+https://github.com/rust-lang/crates.io-index"
checksum = "48c757948c5ede0e46177b7add2e67155f70e33c07fea8284df6576da70b3719"

[[package]]
name = "elliptic-curve"
version = "0.13.8"
source = "registry+https://github.com/rust-lang/crates.io-index"
checksum = "b5e6043086bf7973472e0c7dff2142ea0b680d30e18d9cc40f267efbf222bd47"
dependencies = [
 "base16ct 0.2.0",
 "crypto-bigint 0.5.5",
 "digest 0.10.7",
 "ff 0.13.1",
 "generic-array",
 "group 0.13.0",
 "pem-rfc7468 0.7.0",
 "pkcs8 0.10.2",
 "rand_core 0.6.4",
 "sec1 0.7.3",
 "subtle",
 "zeroize",
]

[[package]]
name = "elliptic-curve"
version = "0.14.0-rc.13"
source = "registry+https://github.com/rust-lang/crates.io-index"
checksum = "3b95fd42abd85018a59f5dbe05551e9eed19edfd1182a415cd98f90ca5af1422"
dependencies = [
 "base16ct 0.3.0",
 "crypto-bigint 0.7.0-rc.4",
 "digest 0.11.0-rc.1",
 "ff 0.14.0-pre.0",
 "group 0.14.0-pre.0",
 "hkdf",
 "hybrid-array",
 "pem-rfc7468 1.0.0-rc.3",
 "pkcs8 0.11.0-rc.6",
 "rand_core 0.9.3",
 "sec1 0.8.0-rc.9",
 "subtle",
 "zeroize",
]

[[package]]
name = "ff"
version = "0.13.1"
source = "registry+https://github.com/rust-lang/crates.io-index"
checksum = "c0b50bfb653653f9ca9095b427bed08ab8d75a137839d9ad64eb11810d5b6393"
dependencies = [
 "rand_core 0.6.4",
 "subtle",
]

[[package]]
name = "ff"
version = "0.14.0-pre.0"
source = "registry+https://github.com/rust-lang/crates.io-index"
checksum = "d42dd26f5790eda47c1a2158ea4120e32c35ddc9a7743c98a292accc01b54ef3"
dependencies = [
 "rand_core 0.9.3",
 "subtle",
]

[[package]]
name = "fiat-crypto"
version = "0.3.0"
source = "registry+https://github.com/rust-lang/crates.io-index"
checksum = "64cd1e32ddd350061ae6edb1b082d7c54915b5c672c389143b9a63403a109f24"

[[package]]
name = "find-msvc-tools"
version = "0.1.1"
source = "registry+https://github.com/rust-lang/crates.io-index"
checksum = "7fd99930f64d146689264c637b5af2f0233a933bef0d8570e2526bf9e083192d"

[[package]]
name = "flagset"
version = "0.4.7"
source = "registry+https://github.com/rust-lang/crates.io-index"
checksum = "b7ac824320a75a52197e8f2d787f6a38b6718bb6897a35142d749af3c0e8f4fe"

[[package]]
name = "generic-array"
version = "0.14.7"
source = "registry+https://github.com/rust-lang/crates.io-index"
checksum = "85649ca51fd72272d7821adaf274ad91c288277713d9c18820d8499a7ff69e9a"
dependencies = [
 "typenum",
 "version_check",
 "zeroize",
]

[[package]]
name = "getrandom"
version = "0.2.16"
source = "registry+https://github.com/rust-lang/crates.io-index"
checksum = "335ff9f135e4384c8150d6f27c6daed433577f86b4750418338c01a1a2528592"
dependencies = [
 "cfg-if",
 "libc",
 "wasi 0.11.1+wasi-snapshot-preview1",
]

[[package]]
name = "getrandom"
version = "0.3.3"
source = "registry+https://github.com/rust-lang/crates.io-index"
checksum = "26145e563e54f2cadc477553f1ec5ee650b00862f0a58bcd12cbdc5f0ea2d2f4"
dependencies = [
 "cfg-if",
 "libc",
 "r-efi",
 "wasi 0.14.5+wasi-0.2.4",
]

[[package]]
name = "ghash"
version = "0.6.0-rc.2"
source = "registry+https://github.com/rust-lang/crates.io-index"
checksum = "4f88107cb02ed63adcc4282942e60c4d09d80208d33b360ce7c729ce6dae1739"
dependencies = [
 "polyval",
]

[[package]]
name = "group"
version = "0.13.0"
source = "registry+https://github.com/rust-lang/crates.io-index"
checksum = "f0f9ef7462f7c099f518d754361858f86d8a07af53ba9af0fe635bbccb151a63"
dependencies = [
 "ff 0.13.1",
 "rand_core 0.6.4",
 "subtle",
]

[[package]]
name = "group"
version = "0.14.0-pre.0"
source = "registry+https://github.com/rust-lang/crates.io-index"
checksum = "1ff6a0b2dd4b981b1ae9e3e6830ab146771f3660d31d57bafd9018805a91b0f1"
dependencies = [
 "ff 0.14.0-pre.0",
 "rand_core 0.9.3",
 "subtle",
]

[[package]]
name = "hash2curve"
version = "0.14.0-rc.1"
source = "registry+https://github.com/rust-lang/crates.io-index"
checksum = "e9d3a227db59d3140ef8cfcf56a8c5c3bd7c10f7363100bc0e430628d3e3bfc6"
dependencies = [
 "digest 0.11.0-rc.1",
 "elliptic-curve 0.14.0-rc.13",
 "ff 0.14.0-pre.0",
 "subtle",
]

[[package]]
name = "hkdf"
version = "0.13.0-rc.1"
source = "registry+https://github.com/rust-lang/crates.io-index"
checksum = "7984b5d6605e93b2787c95aef698b3c28933a4d7f9fd09d46f54130da1efaee0"
dependencies = [
 "hmac 0.13.0-rc.1",
]

[[package]]
name = "hmac"
version = "0.12.1"
source = "registry+https://github.com/rust-lang/crates.io-index"
checksum = "6c49c37c09c17a53d937dfbb742eb3a961d65a994e6bcdcf37e7399d0cc8ab5e"
dependencies = [
 "digest 0.10.7",
]

[[package]]
name = "hmac"
version = "0.13.0-rc.1"
source = "registry+https://github.com/rust-lang/crates.io-index"
checksum = "49e206bca159aebaaed410f5e78b2fe56bfc0dd5b19ecae922813b8556b8b07e"
dependencies = [
 "digest 0.11.0-rc.1",
]

[[package]]
name = "hybrid-array"
version = "0.4.1"
source = "registry+https://github.com/rust-lang/crates.io-index"
checksum = "c7116c472cf19838450b1d421b4e842569f52b519d640aee9ace1ebcf5b21051"
dependencies = [
 "typenum",
 "zeroize",
]

[[package]]
name = "inout"
version = "0.2.0-rc.6"
source = "registry+https://github.com/rust-lang/crates.io-index"
checksum = "1603f76010ff924b616c8f44815a42eb10fb0b93d308b41deaa8da6d4251fd4b"
dependencies = [
 "hybrid-array",
]

[[package]]
name = "itertools"
version = "0.14.0"
source = "registry+https://github.com/rust-lang/crates.io-index"
checksum = "2b192c782037fadd9cfa75548310488aabdbf3d2da73885b31bd0abd03351285"
dependencies = [
 "either",
]

[[package]]
name = "keccak"
version = "0.2.0-rc.0"
source = "registry+https://github.com/rust-lang/crates.io-index"
checksum = "3d546793a04a1d3049bd192856f804cfe96356e2cf36b54b4e575155babe9f41"
dependencies = [
 "cpufeatures",
]

[[package]]
name = "lazy_static"
version = "1.5.0"
source = "registry+https://github.com/rust-lang/crates.io-index"
checksum = "bbd2bcb4c963f2ddae06a2efc7e9f3591312473c50c6685e1f298068316e66fe"
dependencies = [
 "spin",
]

[[package]]
name = "libc"
version = "0.2.175"
source = "registry+https://github.com/rust-lang/crates.io-index"
checksum = "6a82ae493e598baaea5209805c49bbf2ea7de956d50d7da0da1164f9c6d28543"

[[package]]
name = "libm"
version = "0.2.15"
source = "registry+https://github.com/rust-lang/crates.io-index"
checksum = "f9fbbcab51052fe104eb5e5d351cf728d30a5be1fe14d9be8a3b097481fb97de"

[[package]]
name = "log"
version = "0.4.28"
source = "registry+https://github.com/rust-lang/crates.io-index"
checksum = "34080505efa8e45a4b816c349525ebe327ceaa8559756f0356cba97ef3bf7432"

[[package]]
name = "num-bigint-dig"
version = "0.8.4"
source = "registry+https://github.com/rust-lang/crates.io-index"
checksum = "dc84195820f291c7697304f3cbdadd1cb7199c0efc917ff5eafd71225c136151"
dependencies = [
 "byteorder",
 "lazy_static",
 "libm",
 "num-integer",
 "num-iter",
 "num-traits",
 "rand",
 "smallvec",
 "zeroize",
]

[[package]]
name = "num-integer"
version = "0.1.46"
source = "registry+https://github.com/rust-lang/crates.io-index"
checksum = "7969661fd2958a5cb096e56c8e1ad0444ac2bbcd0061bd28660485a44879858f"
dependencies = [
 "num-traits",
]

[[package]]
name = "num-iter"
version = "0.1.45"
source = "registry+https://github.com/rust-lang/crates.io-index"
checksum = "1429034a0490724d0075ebb2bc9e875d6503c3cf69e235a8941aa757d83ef5bf"
dependencies = [
 "autocfg",
 "num-integer",
 "num-traits",
]

[[package]]
name = "num-traits"
version = "0.2.19"
source = "registry+https://github.com/rust-lang/crates.io-index"
checksum = "071dfc062690e90b734c0b2273ce72ad0ffa95f0c74596bc250dcfd960262841"
dependencies = [
 "autocfg",
 "libm",
]

[[package]]
name = "once_cell"
version = "1.21.3"
source = "registry+https://github.com/rust-lang/crates.io-index"
checksum = "42f5e15c9953c5e4ccceeb2e7382a716482c34515315f7b03532b8b4e8393d2d"

[[package]]
name = "p256"
version = "0.13.2"
source = "registry+https://github.com/rust-lang/crates.io-index"
checksum = "c9863ad85fa8f4460f9c48cb909d38a0d689dba1f6f6988a5e3e0d31071bcd4b"
dependencies = [
 "ecdsa 0.16.9",
 "elliptic-curve 0.13.8",
 "primeorder 0.13.6",
 "sha2 0.10.9",
]

[[package]]
name = "p256"
version = "0.14.0-pre.10"
source = "registry+https://github.com/rust-lang/crates.io-index"
checksum = "aa93e068b773d56fe26be53accf127d6eb0fde35e4116b7a9276db97b6a50ec9"
dependencies = [
 "ecdsa 0.17.0-rc.6",
 "elliptic-curve 0.14.0-rc.13",
 "primefield",
 "primeorder 0.14.0-pre.8",
 "sha2 0.11.0-rc.2",
]

[[package]]
name = "p384"
version = "0.14.0-pre.10"
source = "registry+https://github.com/rust-lang/crates.io-index"
checksum = "74d17e7d4276af996c6c52de52db4df6b676c5efc3a4269e56c9473edee1786d"
dependencies = [
 "ecdsa 0.17.0-rc.6",
 "elliptic-curve 0.14.0-rc.13",
 "primefield",
 "primeorder 0.14.0-pre.8",
 "sha2 0.11.0-rc.2",
]

[[package]]
name = "p521"
version = "0.14.0-pre.10"
source = "registry+https://github.com/rust-lang/crates.io-index"
checksum = "2a70f4308991bf35f1632d55155c3ca137f9ce05c6de00be51705bbaa3451cfe"
dependencies = [
 "base16ct 0.3.0",
 "ecdsa 0.17.0-rc.6",
 "elliptic-curve 0.14.0-rc.13",
 "primefield",
 "primeorder 0.14.0-pre.8",
 "sha2 0.11.0-rc.2",
]

[[package]]
name = "pem-rfc7468"
version = "0.7.0"
source = "registry+https://github.com/rust-lang/crates.io-index"
checksum = "88b39c9bfcfc231068454382784bb460aae594343fb030d46e9f50a645418412"
dependencies = [
 "base64ct",
]

[[package]]
name = "pem-rfc7468"
version = "1.0.0-rc.3"
source = "registry+https://github.com/rust-lang/crates.io-index"
checksum = "a8e58fab693c712c0d4e88f8eb3087b6521d060bcaf76aeb20cb192d809115ba"
dependencies = [
 "base64ct",
]

[[package]]
name = "pkcs1"
version = "0.7.5"
source = "registry+https://github.com/rust-lang/crates.io-index"
checksum = "c8ffb9f10fa047879315e6625af03c164b16962a5368d724ed16323b68ace47f"
dependencies = [
 "der 0.7.10",
 "pkcs8 0.10.2",
 "spki 0.7.3",
]

[[package]]
name = "pkcs1"
version = "0.8.0-rc.3"
source = "registry+https://github.com/rust-lang/crates.io-index"
checksum = "b2345503b65d9be13aac96ddbec3eed60def8bc83869f9a519789afbcf3c2bea"
dependencies = [
 "der 0.8.0-rc.8",
 "spki 0.8.0-rc.4",
]

[[package]]
name = "pkcs8"
version = "0.10.2"
source = "registry+https://github.com/rust-lang/crates.io-index"
checksum = "f950b2377845cebe5cf8b5165cb3cc1a5e0fa5cfa3e1f7f55707d8fd82e0a7b7"
dependencies = [
 "der 0.7.10",
 "spki 0.7.3",
]

[[package]]
name = "pkcs8"
version = "0.11.0-rc.6"
source = "registry+https://github.com/rust-lang/crates.io-index"
checksum = "c53e5d0804fa4070b1b2a5b320102f2c1c094920a7533d5d87c2630609bcbd34"
dependencies = [
 "der 0.8.0-rc.8",
 "spki 0.8.0-rc.4",
 "subtle",
]

[[package]]
name = "poly1305"
version = "0.9.0-rc.2"
source = "registry+https://github.com/rust-lang/crates.io-index"
checksum = "fb78a635f75d76d856374961deecf61031c0b6f928c83dc9c0924ab6c019c298"
dependencies = [
 "cpufeatures",
 "universal-hash",
]

[[package]]
name = "polyval"
version = "0.7.0-rc.2"
source = "registry+https://github.com/rust-lang/crates.io-index"
checksum = "1ffd40cc99d0fbb02b4b3771346b811df94194bc103983efa0203c8893755085"
dependencies = [
 "cfg-if",
 "cpufeatures",
 "universal-hash",
]

[[package]]
name = "ppv-lite86"
version = "0.2.21"
source = "registry+https://github.com/rust-lang/crates.io-index"
checksum = "85eae3c4ed2f50dcfe72643da4befc30deadb458a9b590d720cde2f2b1e97da9"
dependencies = [
 "zerocopy",
]

[[package]]
name = "primefield"
version = "0.14.0-pre.5"
source = "registry+https://github.com/rust-lang/crates.io-index"
checksum = "049f40103b7e4b0da4e20ed8556805efa740f7104c48991c5f9ab8e09e10ee21"
dependencies = [
 "crypto-bigint 0.7.0-rc.4",
 "ff 0.14.0-pre.0",
 "rand_core 0.9.3",
 "subtle",
 "zeroize",
]

[[package]]
name = "primeorder"
version = "0.13.6"
source = "registry+https://github.com/rust-lang/crates.io-index"
checksum = "353e1ca18966c16d9deb1c69278edbc5f194139612772bd9537af60ac231e1e6"
dependencies = [
 "elliptic-curve 0.13.8",
]

[[package]]
name = "primeorder"
version = "0.14.0-pre.8"
source = "registry+https://github.com/rust-lang/crates.io-index"
checksum = "9257332cf7e56fa8183f719977b92f1878cb1447275d0ee280a08bcd6fad158f"
dependencies = [
 "elliptic-curve 0.14.0-rc.13",
]

[[package]]
name = "proc-macro2"
version = "1.0.101"
source = "registry+https://github.com/rust-lang/crates.io-index"
checksum = "89ae43fd86e4158d6db51ad8e2b80f313af9cc74f5c0e03ccb87de09998732de"
dependencies = [
 "unicode-ident",
]

[[package]]
name = "quote"
version = "1.0.40"
source = "registry+https://github.com/rust-lang/crates.io-index"
checksum = "1885c039570dc00dcb4ff087a89e185fd56bae234ddc7f056a945bf36467248d"
dependencies = [
 "proc-macro2",
]

[[package]]
name = "r-efi"
version = "5.3.0"
source = "registry+https://github.com/rust-lang/crates.io-index"
checksum = "69cdb34c158ceb288df11e18b4bd39de994f6657d83847bdffdbd7f346754b0f"

[[package]]
name = "rand"
version = "0.8.5"
source = "registry+https://github.com/rust-lang/crates.io-index"
checksum = "34af8d1a0e25924bc5b7c43c079c942339d8f0a8b57c39049bef581b46327404"
dependencies = [
 "rand_chacha",
 "rand_core 0.6.4",
]

[[package]]
name = "rand_chacha"
version = "0.3.1"
source = "registry+https://github.com/rust-lang/crates.io-index"
checksum = "e6c10a63a0fa32252be49d21e7709d4d4baf8d231c2dbce1eaa8141b9b127d88"
dependencies = [
 "ppv-lite86",
 "rand_core 0.6.4",
]

[[package]]
name = "rand_core"
version = "0.6.4"
source = "registry+https://github.com/rust-lang/crates.io-index"
checksum = "ec0be4795e2f6a28069bec0b5ff3e2ac9bafc99e6a9a7dc3547996c5c816922c"
dependencies = [
 "getrandom 0.2.16",
]

[[package]]
name = "rand_core"
version = "0.9.3"
source = "registry+https://github.com/rust-lang/crates.io-index"
checksum = "99d9a13982dcf210057a8a78572b2217b667c3beacbf3a0d8b454f6f82837d38"
dependencies = [
 "getrandom 0.3.3",
]

[[package]]
name = "rfc6979"
version = "0.4.0"
source = "registry+https://github.com/rust-lang/crates.io-index"
checksum = "f8dd2a808d456c4a54e300a23e9f5a67e122c3024119acbfd73e3bf664491cb2"
dependencies = [
 "hmac 0.12.1",
 "subtle",
]

[[package]]
name = "rfc6979"
version = "0.5.0-rc.1"
source = "registry+https://github.com/rust-lang/crates.io-index"
checksum = "d369f9c4f79388704648e7bcb92749c0d6cf4397039293a9b747694fa4fb4bae"
dependencies = [
 "hmac 0.13.0-rc.1",
 "subtle",
]

[[package]]
name = "ring"
version = "0.17.14"
source = "registry+https://github.com/rust-lang/crates.io-index"
checksum = "a4689e6c2294d81e88dc6261c768b63bc4fcdb852be6d1352498b114f61383b7"
dependencies = [
 "cc",
 "cfg-if",
 "getrandom 0.2.16",
 "libc",
 "untrusted",
 "windows-sys",
]

[[package]]
name = "rsa"
version = "0.9.8"
source = "registry+https://github.com/rust-lang/crates.io-index"
checksum = "78928ac1ed176a5ca1d17e578a1825f3d81ca54cf41053a592584b020cfd691b"
dependencies = [
 "const-oid 0.9.6",
 "digest 0.10.7",
 "num-bigint-dig",
 "num-integer",
 "num-traits",
 "pkcs1 0.7.5",
 "pkcs8 0.10.2",
 "rand_core 0.6.4",
 "sha2 0.10.9",
 "signature 2.2.0",
 "spki 0.7.3",
 "subtle",
 "zeroize",
]

[[package]]
name = "rsa"
version = "0.10.0-rc.6"
source = "registry+https://github.com/rust-lang/crates.io-index"
checksum = "12c09fc7922fb8b7de31cc809df908e30e0ed46eb33046c6e1e438ef8ec3466b"
dependencies = [
 "const-oid 0.10.1",
 "crypto-bigint 0.7.0-rc.4",
 "crypto-primes",
 "digest 0.11.0-rc.1",
 "pkcs1 0.8.0-rc.3",
 "pkcs8 0.11.0-rc.6",
 "rand_core 0.9.3",
 "sha2 0.11.0-rc.2",
 "signature 3.0.0-rc.3",
 "spki 0.8.0-rc.4",
 "subtle",
 "zeroize",
]

[[package]]
name = "rustc_version"
version = "0.4.1"
source = "registry+https://github.com/rust-lang/crates.io-index"
checksum = "cfcb3a22ef46e85b45de6ee7e79d063319ebb6594faafcf1c225ea92ab6e9b92"
dependencies = [
 "semver",
]

[[package]]
name = "rustls"
version = "0.23.31"
source = "registry+https://github.com/rust-lang/crates.io-index"
checksum = "c0ebcbd2f03de0fc1122ad9bb24b127a5a6cd51d72604a3f3c50ac459762b6cc"
dependencies = [
 "log",
 "once_cell",
 "rustls-pki-types",
 "rustls-webpki",
 "subtle",
 "zeroize",
]

[[package]]
name = "rustls-pki-types"
version = "1.12.0"
source = "registry+https://github.com/rust-lang/crates.io-index"
checksum = "229a4a4c221013e7e1f1a043678c5cc39fe5171437c88fb47151a21e6f5b5c79"
dependencies = [
 "zeroize",
]

[[package]]
name = "rustls-rustcrypto"
version = "0.0.2-alpha"
dependencies = [
 "aead",
 "aes",
 "aes-gcm",
 "bytes",
 "ccm",
 "chacha20poly1305",
 "cipher",
 "crypto-common 0.2.0-rc.4",
 "der 0.8.0-rc.8",
 "digest 0.11.0-rc.1",
 "ecdsa 0.17.0-rc.6",
 "ed25519-dalek",
 "ed448-goldilocks",
 "elliptic-curve 0.14.0-rc.13",
 "hmac 0.13.0-rc.1",
 "itertools",
 "p256 0.13.2",
 "p256 0.14.0-pre.10",
 "p384",
 "p521",
 "pkcs1 0.8.0-rc.3",
 "pkcs8 0.11.0-rc.6",
 "rand_core 0.6.4",
 "rand_core 0.9.3",
 "rsa 0.10.0-rc.6",
 "rsa 0.9.8",
 "rustls",
 "rustls-pki-types",
 "rustls-webpki",
 "sec1 0.8.0-rc.9",
 "sha2 0.11.0-rc.2",
 "signature 2.2.0",
 "signature 3.0.0-rc.3",
 "spki 0.8.0-rc.4",
 "typenum",
 "x25519-dalek",
 "x448",
 "x509-cert",
]

[[package]]
name = "rustls-webpki"
version = "0.103.5"
source = "registry+https://github.com/rust-lang/crates.io-index"
checksum = "b5a37813727b78798e53c2bec3f5e8fe12a6d6f8389bf9ca7802add4c9905ad8"
dependencies = [
 "ring",
 "rustls-pki-types",
 "untrusted",
]

[[package]]
name = "sec1"
version = "0.7.3"
source = "registry+https://github.com/rust-lang/crates.io-index"
checksum = "d3e97a565f76233a6003f9f5c54be1d9c5bdfa3eccfb189469f11ec4901c47dc"
dependencies = [
 "base16ct 0.2.0",
 "der 0.7.10",
 "generic-array",
 "pkcs8 0.10.2",
 "subtle",
 "zeroize",
]

[[package]]
name = "sec1"
version = "0.8.0-rc.9"
source = "registry+https://github.com/rust-lang/crates.io-index"
checksum = "f5e67a3c9fb9a8f065af9fa30d65812fcc16a66cbf911eff1f6946957ce48f16"
dependencies = [
 "base16ct 0.3.0",
 "der 0.8.0-rc.8",
 "hybrid-array",
 "subtle",
 "zeroize",
]

[[package]]
name = "semver"
version = "1.0.26"
source = "registry+https://github.com/rust-lang/crates.io-index"
checksum = "56e6fa9c48d24d85fb3de5ad847117517440f6beceb7798af16b4a87d616b8d0"

[[package]]
name = "serde"
version = "1.0.219"
source = "registry+https://github.com/rust-lang/crates.io-index"
checksum = "5f0e2c6ed6606019b4e29e69dbaba95b11854410e5347d525002456dbbb786b6"
dependencies = [
 "serde_derive",
]

[[package]]
name = "serde_derive"
version = "1.0.219"
source = "registry+https://github.com/rust-lang/crates.io-index"
checksum = "5b0276cf7f2c73365f7157c8123c21cd9a50fbbd844757af28ca1f5925fc2a00"
dependencies = [
 "proc-macro2",
 "quote",
 "syn",
]

[[package]]
name = "serdect"
version = "0.4.1"
source = "registry+https://github.com/rust-lang/crates.io-index"
checksum = "d3ef0e35b322ddfaecbc60f34ab448e157e48531288ee49fafbb053696b8ffe2"
dependencies = [
 "base16ct 0.3.0",
 "serde",
]

[[package]]
name = "sha1"
version = "0.10.6"
source = "registry+https://github.com/rust-lang/crates.io-index"
checksum = "e3bf829a2d51ab4a5ddf1352d8470c140cadc8301b2ae1789db023f01cedd6ba"
dependencies = [
 "cfg-if",
 "cpufeatures",
 "digest 0.10.7",
]

[[package]]
name = "sha2"
version = "0.10.9"
source = "registry+https://github.com/rust-lang/crates.io-index"
checksum = "a7507d819769d01a365ab707794a4084392c824f54a7a6a7862f8c3d0892b283"
dependencies = [
 "cfg-if",
 "cpufeatures",
 "digest 0.10.7",
]

[[package]]
name = "sha2"
version = "0.11.0-rc.2"
source = "registry+https://github.com/rust-lang/crates.io-index"
checksum = "d1e3878ab0f98e35b2df35fe53201d088299b41a6bb63e3e34dada2ac4abd924"
dependencies = [
 "cfg-if",
 "cpufeatures",
 "digest 0.11.0-rc.1",
]

[[package]]
name = "sha3"
version = "0.11.0-rc.3"
source = "registry+https://github.com/rust-lang/crates.io-index"
checksum = "2103ca0e6f4e9505eae906de5e5883e06fc3b2232fb5d6914890c7bbcb62f478"
dependencies = [
 "digest 0.11.0-rc.1",
 "keccak",
]

[[package]]
name = "shlex"
version = "1.3.0"
source = "registry+https://github.com/rust-lang/crates.io-index"
checksum = "0fda2ff0d084019ba4d7c6f371c95d8fd75ce3524c3cb8fb653a3023f6323e64"

[[package]]
name = "signature"
version = "2.2.0"
source = "registry+https://github.com/rust-lang/crates.io-index"
checksum = "77549399552de45a898a580c1b41d445bf730df867cc44e6c0233bbc4b8329de"
dependencies = [
 "digest 0.10.7",
 "rand_core 0.6.4",
]

[[package]]
name = "signature"
version = "3.0.0-rc.3"
source = "registry+https://github.com/rust-lang/crates.io-index"
checksum = "39195ff4c0dc41c93e123825ca1f0d11b856df8b26d5fe140a522355632c4345"
dependencies = [
 "digest 0.11.0-rc.1",
 "rand_core 0.9.3",
]

[[package]]
name = "smallvec"
version = "1.15.1"
source = "registry+https://github.com/rust-lang/crates.io-index"
checksum = "67b1b7a3b5fe4f1376887184045fcf45c69e92af734b7aaddc05fb777b6fbd03"

[[package]]
name = "spin"
version = "0.9.8"
source = "registry+https://github.com/rust-lang/crates.io-index"
checksum = "6980e8d7511241f8acf4aebddbb1ff938df5eebe98691418c4468d0b72a96a67"

[[package]]
name = "spki"
version = "0.7.3"
source = "registry+https://github.com/rust-lang/crates.io-index"
checksum = "d91ed6c858b01f942cd56b37a94b3e0a1798290327d1236e4d9cf4eaca44d29d"
dependencies = [
 "base64ct",
 "der 0.7.10",
]

[[package]]
name = "spki"
version = "0.8.0-rc.4"
source = "registry+https://github.com/rust-lang/crates.io-index"
checksum = "8baeff88f34ed0691978ec34440140e1572b68c7dd4a495fd14a3dc1944daa80"
dependencies = [
 "base64ct",
 "der 0.8.0-rc.8",
]

[[package]]
name = "subtle"
version = "2.6.1"
source = "registry+https://github.com/rust-lang/crates.io-index"
checksum = "13c2bddecc57b384dee18652358fb23172facb8a2c51ccc10d74c157bdea3292"

[[package]]
name = "syn"
version = "2.0.106"
source = "registry+https://github.com/rust-lang/crates.io-index"
checksum = "ede7c438028d4436d71104916910f5bb611972c5cfd7f89b8300a8186e6fada6"
dependencies = [
 "proc-macro2",
 "quote",
 "unicode-ident",
]

[[package]]
name = "tls_codec"
version = "0.4.2"
source = "registry+https://github.com/rust-lang/crates.io-index"
checksum = "0de2e01245e2bb89d6f05801c564fa27624dbd7b1846859876c7dad82e90bf6b"
dependencies = [
 "tls_codec_derive",
 "zeroize",
]

[[package]]
name = "tls_codec_derive"
version = "0.4.2"
source = "registry+https://github.com/rust-lang/crates.io-index"
checksum = "2d2e76690929402faae40aebdda620a2c0e25dd6d3b9afe48867dfd95991f4bd"
dependencies = [
 "proc-macro2",
 "quote",
 "syn",
]

[[package]]
name = "typenum"
version = "1.18.0"
source = "registry+https://github.com/rust-lang/crates.io-index"
checksum = "1dccffe3ce07af9386bfd29e80c0ab1a8205a2fc34e4bcd40364df902cfa8f3f"

[[package]]
name = "unicode-ident"
version = "1.0.19"
source = "registry+https://github.com/rust-lang/crates.io-index"
checksum = "f63a545481291138910575129486daeaf8ac54aee4387fe7906919f7830c7d9d"

[[package]]
name = "universal-hash"
version = "0.6.0-rc.2"
source = "registry+https://github.com/rust-lang/crates.io-index"
checksum = "a55be643b40a21558f44806b53ee9319595bc7ca6896372e4e08e5d7d83c9cd6"
dependencies = [
 "crypto-common 0.2.0-rc.4",
 "subtle",
]

[[package]]
name = "untrusted"
version = "0.9.0"
source = "registry+https://github.com/rust-lang/crates.io-index"
checksum = "8ecb6da28b8a351d773b68d5825ac39017e680750f980f3a1a85cd8dd28a47c1"

[[package]]
name = "version_check"
version = "0.9.5"
source = "registry+https://github.com/rust-lang/crates.io-index"
checksum = "0b928f33d975fc6ad9f86c8f283853ad26bdd5b10b7f1542aa2fa15e2289105a"

[[package]]
name = "wasi"
version = "0.11.1+wasi-snapshot-preview1"
source = "registry+https://github.com/rust-lang/crates.io-index"
checksum = "ccf3ec651a847eb01de73ccad15eb7d99f80485de043efb2f370cd654f4ea44b"

[[package]]
name = "wasi"
version = "0.14.5+wasi-0.2.4"
source = "registry+https://github.com/rust-lang/crates.io-index"
checksum = "a4494f6290a82f5fe584817a676a34b9d6763e8d9d18204009fb31dceca98fd4"
dependencies = [
 "wasip2",
]

[[package]]
name = "wasip2"
version = "1.0.0+wasi-0.2.4"
source = "registry+https://github.com/rust-lang/crates.io-index"
checksum = "03fa2761397e5bd52002cd7e73110c71af2109aca4e521a9f40473fe685b0a24"
dependencies = [
 "wit-bindgen",
]

[[package]]
name = "windows-sys"
version = "0.52.0"
source = "registry+https://github.com/rust-lang/crates.io-index"
checksum = "282be5f36a8ce781fad8c8ae18fa3f9beff57ec1b52cb3de0789201425d9a33d"
dependencies = [
 "windows-targets",
]

[[package]]
name = "windows-targets"
version = "0.52.6"
source = "registry+https://github.com/rust-lang/crates.io-index"
checksum = "9b724f72796e036ab90c1021d4780d4d3d648aca59e491e6b98e725b84e99973"
dependencies = [
 "windows_aarch64_gnullvm",
 "windows_aarch64_msvc",
 "windows_i686_gnu",
 "windows_i686_gnullvm",
 "windows_i686_msvc",
 "windows_x86_64_gnu",
 "windows_x86_64_gnullvm",
 "windows_x86_64_msvc",
]

[[package]]
name = "windows_aarch64_gnullvm"
version = "0.52.6"
source = "registry+https://github.com/rust-lang/crates.io-index"
checksum = "32a4622180e7a0ec044bb555404c800bc9fd9ec262ec147edd5989ccd0c02cd3"

[[package]]
name = "windows_aarch64_msvc"
version = "0.52.6"
source = "registry+https://github.com/rust-lang/crates.io-index"
checksum = "09ec2a7bb152e2252b53fa7803150007879548bc709c039df7627cabbd05d469"

[[package]]
name = "windows_i686_gnu"
version = "0.52.6"
source = "registry+https://github.com/rust-lang/crates.io-index"
checksum = "8e9b5ad5ab802e97eb8e295ac6720e509ee4c243f69d781394014ebfe8bbfa0b"

[[package]]
name = "windows_i686_gnullvm"
version = "0.52.6"
source = "registry+https://github.com/rust-lang/crates.io-index"
checksum = "0eee52d38c090b3caa76c563b86c3a4bd71ef1a819287c19d586d7334ae8ed66"

[[package]]
name = "windows_i686_msvc"
version = "0.52.6"
source = "registry+https://github.com/rust-lang/crates.io-index"
checksum = "240948bc05c5e7c6dabba28bf89d89ffce3e303022809e73deaefe4f6ec56c66"

[[package]]
name = "windows_x86_64_gnu"
version = "0.52.6"
source = "registry+https://github.com/rust-lang/crates.io-index"
checksum = "147a5c80aabfbf0c7d901cb5895d1de30ef2907eb21fbbab29ca94c5b08b1a78"

[[package]]
name = "windows_x86_64_gnullvm"
version = "0.52.6"
source = "registry+https://github.com/rust-lang/crates.io-index"
checksum = "24d5b23dc417412679681396f2b49f3de8c1473deb516bd34410872eff51ed0d"

[[package]]
name = "windows_x86_64_msvc"
version = "0.52.6"
source = "registry+https://github.com/rust-lang/crates.io-index"
checksum = "589f6da84c646204747d1270a2a5661ea66ed1cced2631d546fdfb155959f9ec"

[[package]]
name = "wit-bindgen"
version = "0.45.1"
source = "registry+https://github.com/rust-lang/crates.io-index"
checksum = "5c573471f125075647d03df72e026074b7203790d41351cd6edc96f46bcccd36"

[[package]]
name = "x25519-dalek"
version = "3.0.0-pre.1"
source = "registry+https://github.com/rust-lang/crates.io-index"
checksum = "3a45998121837fd8c92655d2334aa8f3e5ef0645cdfda5b321b13760c548fd55"
dependencies = [
 "curve25519-dalek",
 "rand_core 0.9.3",
 "zeroize",
]

[[package]]
name = "x448"
version = "0.14.0-pre.0"
source = "registry+https://github.com/rust-lang/crates.io-index"
checksum = "c20e03d60707405e830d70c431a837b0df7a04450e50caee26a5a5a1bb78b7c9"
dependencies = [
 "ed448-goldilocks",
 "rand_core 0.9.3",
 "zeroize",
]

[[package]]
name = "x509-cert"
version = "0.2.5"
source = "registry+https://github.com/rust-lang/crates.io-index"
checksum = "1301e935010a701ae5f8655edc0ad17c44bad3ac5ce8c39185f75453b720ae94"
dependencies = [
 "const-oid 0.9.6",
 "der 0.7.10",
 "sha1",
 "signature 2.2.0",
 "spki 0.7.3",
 "tls_codec",
]

[[package]]
name = "zerocopy"
version = "0.8.27"
source = "registry+https://github.com/rust-lang/crates.io-index"
checksum = "0894878a5fa3edfd6da3f88c4805f4c8558e2b996227a3d864f47fe11e38282c"
dependencies = [
 "zerocopy-derive",
]

[[package]]
name = "zerocopy-derive"
version = "0.8.27"
source = "registry+https://github.com/rust-lang/crates.io-index"
checksum = "88d2b8d9c68ad2b9e4340d7832716a4d21a22a1154777ad56ea55c51a9cf3831"
dependencies = [
 "proc-macro2",
 "quote",
 "syn",
]

[[package]]
name = "zeroize"
version = "1.8.1"
source = "registry+https://github.com/rust-lang/crates.io-index"
checksum = "ced3678a2879b30306d323f4542626697a464a97c0a07c9aebf7ebca65cd4dde"
dependencies = [
 "zeroize_derive",
]

[[package]]
name = "zeroize_derive"
version = "1.4.2"
source = "registry+https://github.com/rust-lang/crates.io-index"
checksum = "ce36e65b0d2999d2aafac989fb249189a141aee1f53c612c1f37d72631959f69"
dependencies = [
 "proc-macro2",
 "quote",
 "syn",
]
